<?xml version="1.0" encoding="UTF-8"?>
<Scheme LastUpgradeVersion="1620" version="1.7">
   <BuildAction parallelizeBuildables="YES" buildImplicitDependencies="YES">
      <BuildActionEntries>
         <BuildActionEntry buildForTesting="YES" buildForRunning="YES" buildForProfiling="YES" buildForArchiving="YES" buildForAnalyzing="YES">
            <BuildableReference BuildableIdentifier="primary" BlueprintName="WorkoutLog" ReferencedContainer="container:WorkoutLog.xcodeproj"/>
         </BuildActionEntry>
      </BuildActionEntries>
   </BuildAction>
</Scheme>
